{
  "originHash" : "e754801a53b09e89cd9e8e87d9f14d80e2523e93b958d396c8bd1c7a20c434d1",
  "pins" : [
    {
      "identity" : "hero",
      "kind" : "remoteSourceControl",
      "location" : "https://github.com/HeroTransitions/Hero.git",
      "state" : {
        "revision" : "670b81ed3d95f7183bbc009d0ec67c71506557b5",
        "version" : "1.6.4"
      }
    },
    {
      "identity" : "lottie-ios",
      "kind" : "remoteSourceControl",
      "location" : "https://github.com/airbnb/lottie-ios",
      "state" : {
        "revision" : "a004050748dc197c56256a14dca49a035d74726c",
        "version" : "4.5.2"
      }
    },
    {
      "identity" : "rive-ios",
      "kind" : "remoteSourceControl",
      "location" : "https://github.com/rive-app/rive-ios",
      "state" : {
        "revision" : "ba66219b5c242d1d953bc293e13c141279c19e49",
        "version" : "6.12.0"
      }
    }
  ],
  "version" : 3
}
